
Microsoft Visual Studio Solution File, Format Version 12.00
# Visual Studio 15
Project("{FAE04EC0-301F-11D3-BF4B-00C04F79EFBC}") = "Assembly-CSharp", "Assembly-CSharp.csproj", "{300D0716-A177-0732-4EBE-36EDBE9A5F63}"
EndProject
Global
	GlobalSection(SolutionConfigurationPlatforms) = preSolution
		Debug|Any CPU = Debug|Any CPU
		Release|Any CPU = Release|Any CPU
	EndGlobalSection
	GlobalSection(ProjectConfigurationPlatforms) = postSolution
		{300D0716-A177-0732-4EBE-36EDBE9A5F63}.Debug|Any CPU.ActiveCfg = Debug|Any CPU
		{300D0716-A177-0732-4EBE-36EDBE9A5F63}.Debug|Any CPU.Build.0 = Debug|Any CPU
		{300D0716-A177-0732-4EBE-36EDBE9A5F63}.Release|Any CPU.ActiveCfg = Release|Any CPU
		{300D0716-A177-0732-4EBE-36EDBE9A5F63}.Release|Any CPU.Build.0 = Release|Any CPU
	EndGlobalSection
	GlobalSection(SolutionProperties) = preSolution
		HideSolutionNode = FALSE
	EndGlobalSection
EndGlobal
